
Microsoft Visual Studio Solution File, Format Version 12.00
# Visual Studio Version 16
VisualStudioVersion = 16.0.30717.126
MinimumVisualStudioVersion = 10.0.40219.1
Project("{9A19103F-16F7-4668-BE54-9A1E7A4F7556}") = "FilesUpload", "FilesUpload\FilesUpload.csproj", "{E65A5F81-3DA7-4D37-9B7C-326FC078A2E7}"
EndProject
Project("{9A19103F-16F7-4668-BE54-9A1E7A4F7556}") = "SendingMail", "SendingMail\SendingMail.csproj", "{40A0639B-D246-40EF-8F2E-C5D74E49A459}"
EndProject
Project("{9A19103F-16F7-4668-BE54-9A1E7A4F7556}") = "Links", "Links\Links.csproj", "{E4CF8561-B852-4F6F-A709-CDB6C8036D5B}"
EndProject
Project("{9A19103F-16F7-4668-BE54-9A1E7A4F7556}") = "Forms", "Forms\Forms.csproj", "{70D30A08-6922-4035-9164-34584A6FB1F4}"
EndProject
Global
	GlobalSection(SolutionConfigurationPlatforms) = preSolution
		Debug|Any CPU = Debug|Any CPU
		Release|Any CPU = Release|Any CPU
	EndGlobalSection
	GlobalSection(ProjectConfigurationPlatforms) = postSolution
		{E65A5F81-3DA7-4D37-9B7C-326FC078A2E7}.Debug|Any CPU.ActiveCfg = Debug|Any CPU
		{E65A5F81-3DA7-4D37-9B7C-326FC078A2E7}.Debug|Any CPU.Build.0 = Debug|Any CPU
		{E65A5F81-3DA7-4D37-9B7C-326FC078A2E7}.Release|Any CPU.ActiveCfg = Release|Any CPU
		{E65A5F81-3DA7-4D37-9B7C-326FC078A2E7}.Release|Any CPU.Build.0 = Release|Any CPU
		{40A0639B-D246-40EF-8F2E-C5D74E49A459}.Debug|Any CPU.ActiveCfg = Debug|Any CPU
		{40A0639B-D246-40EF-8F2E-C5D74E49A459}.Debug|Any CPU.Build.0 = Debug|Any CPU
		{40A0639B-D246-40EF-8F2E-C5D74E49A459}.Release|Any CPU.ActiveCfg = Release|Any CPU
		{40A0639B-D246-40EF-8F2E-C5D74E49A459}.Release|Any CPU.Build.0 = Release|Any CPU
		{E4CF8561-B852-4F6F-A709-CDB6C8036D5B}.Debug|Any CPU.ActiveCfg = Debug|Any CPU
		{E4CF8561-B852-4F6F-A709-CDB6C8036D5B}.Debug|Any CPU.Build.0 = Debug|Any CPU
		{E4CF8561-B852-4F6F-A709-CDB6C8036D5B}.Release|Any CPU.ActiveCfg = Release|Any CPU
		{E4CF8561-B852-4F6F-A709-CDB6C8036D5B}.Release|Any CPU.Build.0 = Release|Any CPU
		{70D30A08-6922-4035-9164-34584A6FB1F4}.Debug|Any CPU.ActiveCfg = Debug|Any CPU
		{70D30A08-6922-4035-9164-34584A6FB1F4}.Debug|Any CPU.Build.0 = Debug|Any CPU
		{70D30A08-6922-4035-9164-34584A6FB1F4}.Release|Any CPU.ActiveCfg = Release|Any CPU
		{70D30A08-6922-4035-9164-34584A6FB1F4}.Release|Any CPU.Build.0 = Release|Any CPU
	EndGlobalSection
	GlobalSection(SolutionProperties) = preSolution
		HideSolutionNode = FALSE
	EndGlobalSection
	GlobalSection(ExtensibilityGlobals) = postSolution
		SolutionGuid = {F5215527-3DF9-4561-8614-DF974B12074D}
	EndGlobalSection
EndGlobal
